// !$*UTF8*$!
{
	archiveVersion = 1;
	classes = {
	};
	objectVersion = 51;
	objects = {

/* Begin PBXBuildFile section */
		1131F9896128DCCD201CC6C3 /* Pods_Instagram_Clone.framework in Frameworks */ = {isa = PBXBuildFile; fileRef = 8254378452A7446077AE7CF0 /* Pods_Instagram_Clone.framework */; };
		4941E8BC2570F35500A0058B /* LoginController.swift in Sources */ = {isa = PBXBuildFile; fileRef = 4941E8BB2570F35500A0058B /* LoginController.swift */; };
		4941E8BF2570F36200A0058B /* RegistrationController.swift in Sources */ = {isa = PBXBuildFile; fileRef = 4941E8BE2570F36200A0058B /* RegistrationController.swift */; };
		4941E8C22570FA8800A0058B /* CustomTextField.swift in Sources */ = {isa = PBXBuildFile; fileRef = 4941E8C12570FA8800A0058B /* CustomTextField.swift */; };
		4944FC20257689B10034C5D8 /* UserCell.swift in Sources */ = {isa = PBXBuildFile; fileRef = 4944FC1F257689B10034C5D8 /* UserCell.swift */; };
		4945122B2573A2AF0055AC72 /* AuthenticationViewModel.swift in Sources */ = {isa = PBXBuildFile; fileRef = 4945122A2573A2AF0055AC72 /* AuthenticationViewModel.swift */; };
		4945A575256FCB040003826D /* AppDelegate.swift in Sources */ = {isa = PBXBuildFile; fileRef = 4945A574256FCB040003826D /* AppDelegate.swift */; };
		4945A577256FCB040003826D /* SceneDelegate.swift in Sources */ = {isa = PBXBuildFile; fileRef = 4945A576256FCB040003826D /* SceneDelegate.swift */; };
		4945A579256FCB040003826D /* ViewController.swift in Sources */ = {isa = PBXBuildFile; fileRef = 4945A578256FCB040003826D /* ViewController.swift */; };
		4945A57C256FCB040003826D /* Main.storyboard in Resources */ = {isa = PBXBuildFile; fileRef = 4945A57A256FCB040003826D /* Main.storyboard */; };
		4945A57E256FCB040003826D /* Assets.xcassets in Resources */ = {isa = PBXBuildFile; fileRef = 4945A57D256FCB040003826D /* Assets.xcassets */; };
		4945A581256FCB040003826D /* LaunchScreen.storyboard in Resources */ = {isa = PBXBuildFile; fileRef = 4945A57F256FCB040003826D /* LaunchScreen.storyboard */; };
		4945A592256FCBF80003826D /* MainTabController.swift in Sources */ = {isa = PBXBuildFile; fileRef = 4945A591256FCBF80003826D /* MainTabController.swift */; };
		4945A595256FCD740003826D /* SearchController.swift in Sources */ = {isa = PBXBuildFile; fileRef = 4945A594256FCD740003826D /* SearchController.swift */; };
		4945A598256FCD810003826D /* ImageSelectorController.swift in Sources */ = {isa = PBXBuildFile; fileRef = 4945A597256FCD810003826D /* ImageSelectorController.swift */; };
		4945A59B256FCD8A0003826D /* NotificationController.swift in Sources */ = {isa = PBXBuildFile; fileRef = 4945A59A256FCD8A0003826D /* NotificationController.swift */; };
		4945A59E256FCD940003826D /* ProfileController.swift in Sources */ = {isa = PBXBuildFile; fileRef = 4945A59D256FCD940003826D /* ProfileController.swift */; };
		4945A5A1256FCDA60003826D /* FeedController.swift in Sources */ = {isa = PBXBuildFile; fileRef = 4945A5A0256FCDA60003826D /* FeedController.swift */; };
		4945A5A4256FD62B0003826D /* FeedCell.swift in Sources */ = {isa = PBXBuildFile; fileRef = 4945A5A3256FD62B0003826D /* FeedCell.swift */; };
		4945A5A7256FD7000003826D /* Extensions.swift in Sources */ = {isa = PBXBuildFile; fileRef = 4945A5A6256FD7000003826D /* Extensions.swift */; };
		494FDD76257B294A00CDF905 /* UserCellViewModel.swift in Sources */ = {isa = PBXBuildFile; fileRef = 494FDD75257B294A00CDF905 /* UserCellViewModel.swift */; };
		494FDD79257B4C2700CDF905 /* UploadPostController.swift in Sources */ = {isa = PBXBuildFile; fileRef = 494FDD78257B4C2700CDF905 /* UploadPostController.swift */; };
		494FDD7C257B4E8D00CDF905 /* InputTextView.swift in Sources */ = {isa = PBXBuildFile; fileRef = 494FDD7B257B4E8D00CDF905 /* InputTextView.swift */; };
		494FDD7F257B590A00CDF905 /* PostService.swift in Sources */ = {isa = PBXBuildFile; fileRef = 494FDD7E257B590A00CDF905 /* PostService.swift */; };
		494FDD82257B616D00CDF905 /* Post.swift in Sources */ = {isa = PBXBuildFile; fileRef = 494FDD81257B616D00CDF905 /* Post.swift */; };
		494FDD85257B643C00CDF905 /* PostViewModel.swift in Sources */ = {isa = PBXBuildFile; fileRef = 494FDD84257B643C00CDF905 /* PostViewModel.swift */; };
		49503962257F8EC00015DAF9 /* NotificationViewModel.swift in Sources */ = {isa = PBXBuildFile; fileRef = 49503961257F8EC00015DAF9 /* NotificationViewModel.swift */; };
		4958E2C8257F1BB9000154DE /* NotificationCell.swift in Sources */ = {isa = PBXBuildFile; fileRef = 4958E2C7257F1BB9000154DE /* NotificationCell.swift */; };
		4958E2CB257F2035000154DE /* Notification.swift in Sources */ = {isa = PBXBuildFile; fileRef = 4958E2CA257F2035000154DE /* Notification.swift */; };
		4958E2CE257F2274000154DE /* NotificationService.swift in Sources */ = {isa = PBXBuildFile; fileRef = 4958E2CD257F2274000154DE /* NotificationService.swift */; };
		4965DAD62574F65500FB4337 /* GoogleService-Info.plist in Resources */ = {isa = PBXBuildFile; fileRef = 4965DAD52574F65500FB4337 /* GoogleService-Info.plist */; };
		4965DAFA2574FE4B00FB4337 /* ImageUploader.swift in Sources */ = {isa = PBXBuildFile; fileRef = 4965DAF92574FE4B00FB4337 /* ImageUploader.swift */; };
		4965DAFD2574FE5300FB4337 /* AuthService.swift in Sources */ = {isa = PBXBuildFile; fileRef = 4965DAFC2574FE5300FB4337 /* AuthService.swift */; };
		4965DB0025750AA200FB4337 /* ProfileCell.swift in Sources */ = {isa = PBXBuildFile; fileRef = 4965DAFF25750AA200FB4337 /* ProfileCell.swift */; };
		4965DB0325750AAD00FB4337 /* ProfileHeader.swift in Sources */ = {isa = PBXBuildFile; fileRef = 4965DB0225750AAD00FB4337 /* ProfileHeader.swift */; };
		4965DB6D25752FFE00FB4337 /* UserService.swift in Sources */ = {isa = PBXBuildFile; fileRef = 4965DB6C25752FFE00FB4337 /* UserService.swift */; };
		4965DB702575303200FB4337 /* Constants.swift in Sources */ = {isa = PBXBuildFile; fileRef = 4965DB6F2575303200FB4337 /* Constants.swift */; };
		4965DB73257531AE00FB4337 /* User.swift in Sources */ = {isa = PBXBuildFile; fileRef = 4965DB72257531AE00FB4337 /* User.swift */; };
		4965DB762575351500FB4337 /* ProfileHeaderViewModel.swift in Sources */ = {isa = PBXBuildFile; fileRef = 4965DB752575351500FB4337 /* ProfileHeaderViewModel.swift */; };
		496E7E8425821A750029653D /* ResetPasswordController.swift in Sources */ = {isa = PBXBuildFile; fileRef = 496E7E8325821A750029653D /* ResetPasswordController.swift */; };
		49AC83B3257D06070038BC2D /* CommentController.swift in Sources */ = {isa = PBXBuildFile; fileRef = 49AC83B2257D06070038BC2D /* CommentController.swift */; };
		49AC83B6257D075C0038BC2D /* CommentCell.swift in Sources */ = {isa = PBXBuildFile; fileRef = 49AC83B5257D075C0038BC2D /* CommentCell.swift */; };
		49AC83B9257D0BFA0038BC2D /* CommentInputAccessoryView.swift in Sources */ = {isa = PBXBuildFile; fileRef = 49AC83B8257D0BFA0038BC2D /* CommentInputAccessoryView.swift */; };
		49AC83BC257D15810038BC2D /* CommentService.swift in Sources */ = {isa = PBXBuildFile; fileRef = 49AC83BB257D15810038BC2D /* CommentService.swift */; };
		49AC83BF257D18380038BC2D /* Comment.swift in Sources */ = {isa = PBXBuildFile; fileRef = 49AC83BE257D18380038BC2D /* Comment.swift */; };
		49AC83C2257D1B4D0038BC2D /* CommentViewModel.swift in Sources */ = {isa = PBXBuildFile; fileRef = 49AC83C1257D1B4D0038BC2D /* CommentViewModel.swift */; };
/* End PBXBuildFile section */

/* Begin PBXFileReference section */
		01E05E2FC53211DC3A937A2D /* Pods-Instagram Clone.release.xcconfig */ = {isa = PBXFileReference; includeInIndex = 1; lastKnownFileType = text.xcconfig; name = "Pods-Instagram Clone.release.xcconfig"; path = "Target Support Files/Pods-Instagram Clone/Pods-Instagram Clone.release.xcconfig"; sourceTree = "<group>"; };
		381841184F824971A1E49099 /* Pods-Instagram Clone.debug.xcconfig */ = {isa = PBXFileReference; includeInIndex = 1; lastKnownFileType = text.xcconfig; name = "Pods-Instagram Clone.debug.xcconfig"; path = "Target Support Files/Pods-Instagram Clone/Pods-Instagram Clone.debug.xcconfig"; sourceTree = "<group>"; };
		4941E8BB2570F35500A0058B /* LoginController.swift */ = {isa = PBXFileReference; lastKnownFileType = sourcecode.swift; path = LoginController.swift; sourceTree = "<group>"; };
		4941E8BE2570F36200A0058B /* RegistrationController.swift */ = {isa = PBXFileReference; lastKnownFileType = sourcecode.swift; path = RegistrationController.swift; sourceTree = "<group>"; };
		4941E8C12570FA8800A0058B /* CustomTextField.swift */ = {isa = PBXFileReference; lastKnownFileType = sourcecode.swift; path = CustomTextField.swift; sourceTree = "<group>"; };
		4944FC1F257689B10034C5D8 /* UserCell.swift */ = {isa = PBXFileReference; lastKnownFileType = sourcecode.swift; path = UserCell.swift; sourceTree = "<group>"; };
		4945122A2573A2AF0055AC72 /* AuthenticationViewModel.swift */ = {isa = PBXFileReference; lastKnownFileType = sourcecode.swift; path = AuthenticationViewModel.swift; sourceTree = "<group>"; };
		4945A571256FCB040003826D /* Instagram Clone.app */ = {isa = PBXFileReference; explicitFileType = wrapper.application; includeInIndex = 0; path = "Instagram Clone.app"; sourceTree = BUILT_PRODUCTS_DIR; };
		4945A574256FCB040003826D /* AppDelegate.swift */ = {isa = PBXFileReference; lastKnownFileType = sourcecode.swift; path = AppDelegate.swift; sourceTree = "<group>"; };
		4945A576256FCB040003826D /* SceneDelegate.swift */ = {isa = PBXFileReference; lastKnownFileType = sourcecode.swift; path = SceneDelegate.swift; sourceTree = "<group>"; };
		4945A578256FCB040003826D /* ViewController.swift */ = {isa = PBXFileReference; lastKnownFileType = sourcecode.swift; path = ViewController.swift; sourceTree = "<group>"; };
		4945A57B256FCB040003826D /* Base */ = {isa = PBXFileReference; lastKnownFileType = file.storyboard; name = Base; path = Base.lproj/Main.storyboard; sourceTree = "<group>"; };
		4945A57D256FCB040003826D /* Assets.xcassets */ = {isa = PBXFileReference; lastKnownFileType = folder.assetcatalog; path = Assets.xcassets; sourceTree = "<group>"; };
		4945A580256FCB040003826D /* Base */ = {isa = PBXFileReference; lastKnownFileType = file.storyboard; name = Base; path = Base.lproj/LaunchScreen.storyboard; sourceTree = "<group>"; };
		4945A582256FCB040003826D /* Info.plist */ = {isa = PBXFileReference; lastKnownFileType = text.plist.xml; path = Info.plist; sourceTree = "<group>"; };
		4945A591256FCBF80003826D /* MainTabController.swift */ = {isa = PBXFileReference; lastKnownFileType = sourcecode.swift; path = MainTabController.swift; sourceTree = "<group>"; };
		4945A594256FCD740003826D /* SearchController.swift */ = {isa = PBXFileReference; lastKnownFileType = sourcecode.swift; path = SearchController.swift; sourceTree = "<group>"; };
		4945A597256FCD810003826D /* ImageSelectorController.swift */ = {isa = PBXFileReference; lastKnownFileType = sourcecode.swift; path = ImageSelectorController.swift; sourceTree = "<group>"; };
		4945A59A256FCD8A0003826D /* NotificationController.swift */ = {isa = PBXFileReference; lastKnownFileType = sourcecode.swift; path = NotificationController.swift; sourceTree = "<group>"; };
		4945A59D256FCD940003826D /* ProfileController.swift */ = {isa = PBXFileReference; lastKnownFileType = sourcecode.swift; path = ProfileController.swift; sourceTree = "<group>"; };
		4945A5A0256FCDA60003826D /* FeedController.swift */ = {isa = PBXFileReference; lastKnownFileType = sourcecode.swift; path = FeedController.swift; sourceTree = "<group>"; };
		4945A5A3256FD62B0003826D /* FeedCell.swift */ = {isa = PBXFileReference; lastKnownFileType = sourcecode.swift; path = FeedCell.swift; sourceTree = "<group>"; };
		4945A5A6256FD7000003826D /* Extensions.swift */ = {isa = PBXFileReference; lastKnownFileType = sourcecode.swift; path = Extensions.swift; sourceTree = "<group>"; };
		494FDD75257B294A00CDF905 /* UserCellViewModel.swift */ = {isa = PBXFileReference; lastKnownFileType = sourcecode.swift; path = UserCellViewModel.swift; sourceTree = "<group>"; };
		494FDD78257B4C2700CDF905 /* UploadPostController.swift */ = {isa = PBXFileReference; lastKnownFileType = sourcecode.swift; path = UploadPostController.swift; sourceTree = "<group>"; };
		494FDD7B257B4E8D00CDF905 /* InputTextView.swift */ = {isa = PBXFileReference; lastKnownFileType = sourcecode.swift; path = InputTextView.swift; sourceTree = "<group>"; };
		494FDD7E257B590A00CDF905 /* PostService.swift */ = {isa = PBXFileReference; lastKnownFileType = sourcecode.swift; path = PostService.swift; sourceTree = "<group>"; };
		494FDD81257B616D00CDF905 /* Post.swift */ = {isa = PBXFileReference; lastKnownFileType = sourcecode.swift; path = Post.swift; sourceTree = "<group>"; };
		494FDD84257B643C00CDF905 /* PostViewModel.swift */ = {isa = PBXFileReference; lastKnownFileType = sourcecode.swift; path = PostViewModel.swift; sourceTree = "<group>"; };
		49503961257F8EC00015DAF9 /* NotificationViewModel.swift */ = {isa = PBXFileReference; lastKnownFileType = sourcecode.swift; path = NotificationViewModel.swift; sourceTree = "<group>"; };
		4958E2C7257F1BB9000154DE /* NotificationCell.swift */ = {isa = PBXFileReference; lastKnownFileType = sourcecode.swift; path = NotificationCell.swift; sourceTree = "<group>"; };
		4958E2CA257F2035000154DE /* Notification.swift */ = {isa = PBXFileReference; lastKnownFileType = sourcecode.swift; path = Notification.swift; sourceTree = "<group>"; };
		4958E2CD257F2274000154DE /* NotificationService.swift */ = {isa = PBXFileReference; lastKnownFileType = sourcecode.swift; path = NotificationService.swift; sourceTree = "<group>"; };
		4965DAD52574F65500FB4337 /* GoogleService-Info.plist */ = {isa = PBXFileReference; fileEncoding = 4; lastKnownFileType = text.plist.xml; path = "GoogleService-Info.plist"; sourceTree = "<group>"; };
		4965DAF92574FE4B00FB4337 /* ImageUploader.swift */ = {isa = PBXFileReference; lastKnownFileType = sourcecode.swift; path = ImageUploader.swift; sourceTree = "<group>"; };
		4965DAFC2574FE5300FB4337 /* AuthService.swift */ = {isa = PBXFileReference; lastKnownFileType = sourcecode.swift; path = AuthService.swift; sourceTree = "<group>"; };
		4965DAFF25750AA200FB4337 /* ProfileCell.swift */ = {isa = PBXFileReference; lastKnownFileType = sourcecode.swift; path = ProfileCell.swift; sourceTree = "<group>"; };
		4965DB0225750AAD00FB4337 /* ProfileHeader.swift */ = {isa = PBXFileReference; lastKnownFileType = sourcecode.swift; path = ProfileHeader.swift; sourceTree = "<group>"; };
		4965DB6C25752FFE00FB4337 /* UserService.swift */ = {isa = PBXFileReference; lastKnownFileType = sourcecode.swift; path = UserService.swift; sourceTree = "<group>"; };
		4965DB6F2575303200FB4337 /* Constants.swift */ = {isa = PBXFileReference; lastKnownFileType = sourcecode.swift; path = Constants.swift; sourceTree = "<group>"; };
		4965DB72257531AE00FB4337 /* User.swift */ = {isa = PBXFileReference; lastKnownFileType = sourcecode.swift; path = User.swift; sourceTree = "<group>"; };
		4965DB752575351500FB4337 /* ProfileHeaderViewModel.swift */ = {isa = PBXFileReference; lastKnownFileType = sourcecode.swift; path = ProfileHeaderViewModel.swift; sourceTree = "<group>"; };
		496E7E8325821A750029653D /* ResetPasswordController.swift */ = {isa = PBXFileReference; lastKnownFileType = sourcecode.swift; path = ResetPasswordController.swift; sourceTree = "<group>"; };
		49AC83B2257D06070038BC2D /* CommentController.swift */ = {isa = PBXFileReference; lastKnownFileType = sourcecode.swift; path = CommentController.swift; sourceTree = "<group>"; };
		49AC83B5257D075C0038BC2D /* CommentCell.swift */ = {isa = PBXFileReference; lastKnownFileType = sourcecode.swift; path = CommentCell.swift; sourceTree = "<group>"; };
		49AC83B8257D0BFA0038BC2D /* CommentInputAccessoryView.swift */ = {isa = PBXFileReference; lastKnownFileType = sourcecode.swift; path = CommentInputAccessoryView.swift; sourceTree = "<group>"; };
		49AC83BB257D15810038BC2D /* CommentService.swift */ = {isa = PBXFileReference; lastKnownFileType = sourcecode.swift; path = CommentService.swift; sourceTree = "<group>"; };
		49AC83BE257D18380038BC2D /* Comment.swift */ = {isa = PBXFileReference; lastKnownFileType = sourcecode.swift; path = Comment.swift; sourceTree = "<group>"; };
		49AC83C1257D1B4D0038BC2D /* CommentViewModel.swift */ = {isa = PBXFileReference; lastKnownFileType = sourcecode.swift; path = CommentViewModel.swift; sourceTree = "<group>"; };
		8254378452A7446077AE7CF0 /* Pods_Instagram_Clone.framework */ = {isa = PBXFileReference; explicitFileType = wrapper.framework; includeInIndex = 0; path = Pods_Instagram_Clone.framework; sourceTree = BUILT_PRODUCTS_DIR; };
/* End PBXFileReference section */

/* Begin PBXFrameworksBuildPhase section */
		4945A56E256FCB040003826D /* Frameworks */ = {
			isa = PBXFrameworksBuildPhase;
			buildActionMask = 2147483647;
			files = (
				1131F9896128DCCD201CC6C3 /* Pods_Instagram_Clone.framework in Frameworks */,
			);
			runOnlyForDeploymentPostprocessing = 0;
		};
/* End PBXFrameworksBuildPhase section */

/* Begin PBXGroup section */
		4941E8BA2570F34600A0058B /* Authentication */ = {
			isa = PBXGroup;
			children = (
				4941E8BB2570F35500A0058B /* LoginController.swift */,
				4941E8BE2570F36200A0058B /* RegistrationController.swift */,
				496E7E8325821A750029653D /* ResetPasswordController.swift */,
			);
			path = Authentication;
			sourceTree = "<group>";
		};
		4945A568256FCB040003826D = {
			isa = PBXGroup;
			children = (
				4945A573256FCB040003826D /* Instagram Clone */,
				4945A572256FCB040003826D /* Products */,
				DB60C8BACFAFC5A12AE925FD /* Pods */,
				8828AE13624BBA0AED713B23 /* Frameworks */,
			);
			sourceTree = "<group>";
		};
		4945A572256FCB040003826D /* Products */ = {
			isa = PBXGroup;
			children = (
				4945A571256FCB040003826D /* Instagram Clone.app */,
			);
			name = Products;
			sourceTree = "<group>";
		};
		4945A573256FCB040003826D /* Instagram Clone */ = {
			isa = PBXGroup;
			children = (
				4945A58F256FCB420003826D /* Model */,
				4945A58E256FCB3F0003826D /* View */,
				4945A58D256FCB3C0003826D /* ViewModel */,
				4945A58C256FCB3A0003826D /* Controller */,
				4945A58A256FCB350003826D /* API */,
				4945A589256FCB1D0003826D /* Utils */,
				4945A574256FCB040003826D /* AppDelegate.swift */,
				4945A576256FCB040003826D /* SceneDelegate.swift */,
				4945A578256FCB040003826D /* ViewController.swift */,
				4945A57A256FCB040003826D /* Main.storyboard */,
				4945A57D256FCB040003826D /* Assets.xcassets */,
				4945A57F256FCB040003826D /* LaunchScreen.storyboard */,
				4945A582256FCB040003826D /* Info.plist */,
				4965DAD52574F65500FB4337 /* GoogleService-Info.plist */,
			);
			path = "Instagram Clone";
			sourceTree = "<group>";
		};
		4945A589256FCB1D0003826D /* Utils */ = {
			isa = PBXGroup;
			children = (
				4945A5A6256FD7000003826D /* Extensions.swift */,
				4965DB6F2575303200FB4337 /* Constants.swift */,
				494FDD7B257B4E8D00CDF905 /* InputTextView.swift */,
			);
			path = Utils;
			sourceTree = "<group>";
		};
		4945A58A256FCB350003826D /* API */ = {
			isa = PBXGroup;
			children = (
				4965DB6C25752FFE00FB4337 /* UserService.swift */,
				4965DAF92574FE4B00FB4337 /* ImageUploader.swift */,
				4965DAFC2574FE5300FB4337 /* AuthService.swift */,
				494FDD7E257B590A00CDF905 /* PostService.swift */,
				49AC83BB257D15810038BC2D /* CommentService.swift */,
				4958E2CD257F2274000154DE /* NotificationService.swift */,
			);
			path = API;
			sourceTree = "<group>";
		};
		4945A58C256FCB3A0003826D /* Controller */ = {
			isa = PBXGroup;
			children = (
				4941E8BA2570F34600A0058B /* Authentication */,
				4945A591256FCBF80003826D /* MainTabController.swift */,
				4945A594256FCD740003826D /* SearchController.swift */,
				4945A597256FCD810003826D /* ImageSelectorController.swift */,
				4945A59A256FCD8A0003826D /* NotificationController.swift */,
				4945A59D256FCD940003826D /* ProfileController.swift */,
				4945A5A0256FCDA60003826D /* FeedController.swift */,
				494FDD78257B4C2700CDF905 /* UploadPostController.swift */,
				49AC83B2257D06070038BC2D /* CommentController.swift */,
			);
			path = Controller;
			sourceTree = "<group>";
		};
		4945A58D256FCB3C0003826D /* ViewModel */ = {
			isa = PBXGroup;
			children = (
				4945122A2573A2AF0055AC72 /* AuthenticationViewModel.swift */,
				4965DB752575351500FB4337 /* ProfileHeaderViewModel.swift */,
				494FDD75257B294A00CDF905 /* UserCellViewModel.swift */,
				494FDD84257B643C00CDF905 /* PostViewModel.swift */,
				49AC83C1257D1B4D0038BC2D /* CommentViewModel.swift */,
				49503961257F8EC00015DAF9 /* NotificationViewModel.swift */,
			);
			path = ViewModel;
			sourceTree = "<group>";
		};
		4945A58E256FCB3F0003826D /* View */ = {
			isa = PBXGroup;
			children = (
				4965DB0525750AB400FB4337 /* Profile */,
				4945A5A3256FD62B0003826D /* FeedCell.swift */,
				4941E8C12570FA8800A0058B /* CustomTextField.swift */,
				4944FC1F257689B10034C5D8 /* UserCell.swift */,
				49AC83B5257D075C0038BC2D /* CommentCell.swift */,
				49AC83B8257D0BFA0038BC2D /* CommentInputAccessoryView.swift */,
				4958E2C7257F1BB9000154DE /* NotificationCell.swift */,
			);
			path = View;
			sourceTree = "<group>";
		};
		4945A58F256FCB420003826D /* Model */ = {
			isa = PBXGroup;
			children = (
				4965DB72257531AE00FB4337 /* User.swift */,
				494FDD81257B616D00CDF905 /* Post.swift */,
				49AC83BE257D18380038BC2D /* Comment.swift */,
				4958E2CA257F2035000154DE /* Notification.swift */,
			);
			path = Model;
			sourceTree = "<group>";
		};
		4965DB0525750AB400FB4337 /* Profile */ = {
			isa = PBXGroup;
			children = (
				4965DAFF25750AA200FB4337 /* ProfileCell.swift */,
				4965DB0225750AAD00FB4337 /* ProfileHeader.swift */,
			);
			path = Profile;
			sourceTree = "<group>";
		};
		8828AE13624BBA0AED713B23 /* Frameworks */ = {
			isa = PBXGroup;
			children = (
				8254378452A7446077AE7CF0 /* Pods_Instagram_Clone.framework */,
			);
			name = Frameworks;
			sourceTree = "<group>";
		};
		DB60C8BACFAFC5A12AE925FD /* Pods */ = {
			isa = PBXGroup;
			children = (
				381841184F824971A1E49099 /* Pods-Instagram Clone.debug.xcconfig */,
				01E05E2FC53211DC3A937A2D /* Pods-Instagram Clone.release.xcconfig */,
			);
			path = Pods;
			sourceTree = "<group>";
		};
/* End PBXGroup section */

/* Begin PBXNativeTarget section */
		4945A570256FCB040003826D /* Instagram Clone */ = {
			isa = PBXNativeTarget;
			buildConfigurationList = 4945A585256FCB040003826D /* Build configuration list for PBXNativeTarget "Instagram Clone" */;
			buildPhases = (
				E5CFFD7800164FDBE73E1DB5 /* [CP] Check Pods Manifest.lock */,
				4945A56D256FCB040003826D /* Sources */,
				4945A56E256FCB040003826D /* Frameworks */,
				4945A56F256FCB040003826D /* Resources */,
				E32D004497AE8E67FAD0CAE3 /* [CP] Embed Pods Frameworks */,
			);
			buildRules = (
			);
			dependencies = (
			);
			name = "Instagram Clone";
			productName = "Instagram Clone";
			productReference = 4945A571256FCB040003826D /* Instagram Clone.app */;
			productType = "com.apple.product-type.application";
		};
/* End PBXNativeTarget section */

/* Begin PBXProject section */
		4945A569256FCB040003826D /* Project object */ = {
			isa = PBXProject;
			attributes = {
				LastSwiftUpdateCheck = 1220;
				LastUpgradeCheck = 1220;
				TargetAttributes = {
					4945A570256FCB040003826D = {
						CreatedOnToolsVersion = 12.2;
					};
				};
			};
			buildConfigurationList = 4945A56C256FCB040003826D /* Build configuration list for PBXProject "Instagram Clone" */;
			compatibilityVersion = "Xcode 9.3";
			developmentRegion = en;
			hasScannedForEncodings = 0;
			knownRegions = (
				en,
				Base,
			);
			mainGroup = 4945A568256FCB040003826D;
			productRefGroup = 4945A572256FCB040003826D /* Products */;
			projectDirPath = "";
			projectRoot = "";
			targets = (
				4945A570256FCB040003826D /* Instagram Clone */,
			);
		};
/* End PBXProject section */

/* Begin PBXResourcesBuildPhase section */
		4945A56F256FCB040003826D /* Resources */ = {
			isa = PBXResourcesBuildPhase;
			buildActionMask = 2147483647;
			files = (
				4945A581256FCB040003826D /* LaunchScreen.storyboard in Resources */,
				4965DAD62574F65500FB4337 /* GoogleService-Info.plist in Resources */,
				4945A57E256FCB040003826D /* Assets.xcassets in Resources */,
				4945A57C256FCB040003826D /* Main.storyboard in Resources */,
			);
			runOnlyForDeploymentPostprocessing = 0;
		};
/* End PBXResourcesBuildPhase section */

/* Begin PBXShellScriptBuildPhase section */
		E32D004497AE8E67FAD0CAE3 /* [CP] Embed Pods Frameworks */ = {
			isa = PBXShellScriptBuildPhase;
			buildActionMask = 2147483647;
			files = (
			);
			inputFileListPaths = (
				"${PODS_ROOT}/Target Support Files/Pods-Instagram Clone/Pods-Instagram Clone-frameworks-${CONFIGURATION}-input-files.xcfilelist",
			);
			name = "[CP] Embed Pods Frameworks";
			outputFileListPaths = (
				"${PODS_ROOT}/Target Support Files/Pods-Instagram Clone/Pods-Instagram Clone-frameworks-${CONFIGURATION}-output-files.xcfilelist",
			);
			runOnlyForDeploymentPostprocessing = 0;
			shellPath = /bin/sh;
			shellScript = "\"${PODS_ROOT}/Target Support Files/Pods-Instagram Clone/Pods-Instagram Clone-frameworks.sh\"\n";
			showEnvVarsInLog = 0;
		};
		E5CFFD7800164FDBE73E1DB5 /* [CP] Check Pods Manifest.lock */ = {
			isa = PBXShellScriptBuildPhase;
			buildActionMask = 2147483647;
			files = (
			);
			inputFileListPaths = (
			);
			inputPaths = (
				"${PODS_PODFILE_DIR_PATH}/Podfile.lock",
				"${PODS_ROOT}/Manifest.lock",
			);
			name = "[CP] Check Pods Manifest.lock";
			outputFileListPaths = (
			);
			outputPaths = (
				"$(DERIVED_FILE_DIR)/Pods-Instagram Clone-checkManifestLockResult.txt",
			);
			runOnlyForDeploymentPostprocessing = 0;
			shellPath = /bin/sh;
			shellScript = "diff \"${PODS_PODFILE_DIR_PATH}/Podfile.lock\" \"${PODS_ROOT}/Manifest.lock\" > /dev/null\nif [ $? != 0 ] ; then\n    # print error to STDERR\n    echo \"error: The sandbox is not in sync with the Podfile.lock. Run 'pod install' or update your CocoaPods installation.\" >&2\n    exit 1\nfi\n# This output is used by Xcode 'outputs' to avoid re-running this script phase.\necho \"SUCCESS\" > \"${SCRIPT_OUTPUT_FILE_0}\"\n";
			showEnvVarsInLog = 0;
		};
/* End PBXShellScriptBuildPhase section */

/* Begin PBXSourcesBuildPhase section */
		4945A56D256FCB040003826D /* Sources */ = {
			isa = PBXSourcesBuildPhase;
			buildActionMask = 2147483647;
			files = (
				49AC83C2257D1B4D0038BC2D /* CommentViewModel.swift in Sources */,
				49503962257F8EC00015DAF9 /* NotificationViewModel.swift in Sources */,
				494FDD85257B643C00CDF905 /* PostViewModel.swift in Sources */,
				4941E8C22570FA8800A0058B /* CustomTextField.swift in Sources */,
				4965DB0325750AAD00FB4337 /* ProfileHeader.swift in Sources */,
				49AC83B3257D06070038BC2D /* CommentController.swift in Sources */,
				494FDD79257B4C2700CDF905 /* UploadPostController.swift in Sources */,
				4945A579256FCB040003826D /* ViewController.swift in Sources */,
				4941E8BC2570F35500A0058B /* LoginController.swift in Sources */,
				4945A5A4256FD62B0003826D /* FeedCell.swift in Sources */,
				4945A595256FCD740003826D /* SearchController.swift in Sources */,
				49AC83BC257D15810038BC2D /* CommentService.swift in Sources */,
				49AC83BF257D18380038BC2D /* Comment.swift in Sources */,
				4958E2CB257F2035000154DE /* Notification.swift in Sources */,
				4945A575256FCB040003826D /* AppDelegate.swift in Sources */,
				4945122B2573A2AF0055AC72 /* AuthenticationViewModel.swift in Sources */,
				4944FC20257689B10034C5D8 /* UserCell.swift in Sources */,
				4945A59B256FCD8A0003826D /* NotificationController.swift in Sources */,
				4945A592256FCBF80003826D /* MainTabController.swift in Sources */,
				4965DB73257531AE00FB4337 /* User.swift in Sources */,
				4945A598256FCD810003826D /* ImageSelectorController.swift in Sources */,
				49AC83B9257D0BFA0038BC2D /* CommentInputAccessoryView.swift in Sources */,
				4965DB762575351500FB4337 /* ProfileHeaderViewModel.swift in Sources */,
				494FDD7C257B4E8D00CDF905 /* InputTextView.swift in Sources */,
				496E7E8425821A750029653D /* ResetPasswordController.swift in Sources */,
				4965DB702575303200FB4337 /* Constants.swift in Sources */,
				4945A577256FCB040003826D /* SceneDelegate.swift in Sources */,
				494FDD76257B294A00CDF905 /* UserCellViewModel.swift in Sources */,
				4945A5A1256FCDA60003826D /* FeedController.swift in Sources */,
				4945A5A7256FD7000003826D /* Extensions.swift in Sources */,
				4958E2CE257F2274000154DE /* NotificationService.swift in Sources */,
				4965DAFA2574FE4B00FB4337 /* ImageUploader.swift in Sources */,
				494FDD82257B616D00CDF905 /* Post.swift in Sources */,
				4965DAFD2574FE5300FB4337 /* AuthService.swift in Sources */,
				494FDD7F257B590A00CDF905 /* PostService.swift in Sources */,
				4965DB6D25752FFE00FB4337 /* UserService.swift in Sources */,
				4965DB0025750AA200FB4337 /* ProfileCell.swift in Sources */,
				4945A59E256FCD940003826D /* ProfileController.swift in Sources */,
				4958E2C8257F1BB9000154DE /* NotificationCell.swift in Sources */,
				4941E8BF2570F36200A0058B /* RegistrationController.swift in Sources */,
				49AC83B6257D075C0038BC2D /* CommentCell.swift in Sources */,
			);
			runOnlyForDeploymentPostprocessing = 0;
		};
/* End PBXSourcesBuildPhase section */

/* Begin PBXVariantGroup section */
		4945A57A256FCB040003826D /* Main.storyboard */ = {
			isa = PBXVariantGroup;
			children = (
				4945A57B256FCB040003826D /* Base */,
			);
			name = Main.storyboard;
			sourceTree = "<group>";
		};
		4945A57F256FCB040003826D /* LaunchScreen.storyboard */ = {
			isa = PBXVariantGroup;
			children = (
				4945A580256FCB040003826D /* Base */,
			);
			name = LaunchScreen.storyboard;
			sourceTree = "<group>";
		};
/* End PBXVariantGroup section */

/* Begin XCBuildConfiguration section */
		4945A583256FCB040003826D /* Debug */ = {
			isa = XCBuildConfiguration;
			buildSettings = {
				ALWAYS_SEARCH_USER_PATHS = NO;
				CLANG_ANALYZER_NONNULL = YES;
				CLANG_ANALYZER_NUMBER_OBJECT_CONVERSION = YES_AGGRESSIVE;
				CLANG_CXX_LANGUAGE_STANDARD = "gnu++14";
				CLANG_CXX_LIBRARY = "libc++";
				CLANG_ENABLE_MODULES = YES;
				CLANG_ENABLE_OBJC_ARC = YES;
				CLANG_ENABLE_OBJC_WEAK = YES;
				CLANG_WARN_BLOCK_CAPTURE_AUTORELEASING = YES;
				CLANG_WARN_BOOL_CONVERSION = YES;
				CLANG_WARN_COMMA = YES;
				CLANG_WARN_CONSTANT_CONVERSION = YES;
				CLANG_WARN_DEPRECATED_OBJC_IMPLEMENTATIONS = YES;
				CLANG_WARN_DIRECT_OBJC_ISA_USAGE = YES_ERROR;
				CLANG_WARN_DOCUMENTATION_COMMENTS = YES;
				CLANG_WARN_EMPTY_BODY = YES;
				CLANG_WARN_ENUM_CONVERSION = YES;
				CLANG_WARN_INFINITE_RECURSION = YES;
				CLANG_WARN_INT_CONVERSION = YES;
				CLANG_WARN_NON_LITERAL_NULL_CONVERSION = YES;
				CLANG_WARN_OBJC_IMPLICIT_RETAIN_SELF = YES;
				CLANG_WARN_OBJC_LITERAL_CONVERSION = YES;
				CLANG_WARN_OBJC_ROOT_CLASS = YES_ERROR;
				CLANG_WARN_QUOTED_INCLUDE_IN_FRAMEWORK_HEADER = YES;
				CLANG_WARN_RANGE_LOOP_ANALYSIS = YES;
				CLANG_WARN_STRICT_PROTOTYPES = YES;
				CLANG_WARN_SUSPICIOUS_MOVE = YES;
				CLANG_WARN_UNGUARDED_AVAILABILITY = YES_AGGRESSIVE;
				CLANG_WARN_UNREACHABLE_CODE = YES;
				CLANG_WARN__DUPLICATE_METHOD_MATCH = YES;
				COPY_PHASE_STRIP = NO;
				DEBUG_INFORMATION_FORMAT = dwarf;
				ENABLE_STRICT_OBJC_MSGSEND = YES;
				ENABLE_TESTABILITY = YES;
				GCC_C_LANGUAGE_STANDARD = gnu11;
				GCC_DYNAMIC_NO_PIC = NO;
				GCC_NO_COMMON_BLOCKS = YES;
				GCC_OPTIMIZATION_LEVEL = 0;
				GCC_PREPROCESSOR_DEFINITIONS = (
					"DEBUG=1",
					"$(inherited)",
				);
				GCC_WARN_64_TO_32_BIT_CONVERSION = YES;
				GCC_WARN_ABOUT_RETURN_TYPE = YES_ERROR;
				GCC_WARN_UNDECLARED_SELECTOR = YES;
				GCC_WARN_UNINITIALIZED_AUTOS = YES_AGGRESSIVE;
				GCC_WARN_UNUSED_FUNCTION = YES;
				GCC_WARN_UNUSED_VARIABLE = YES;
				IPHONEOS_DEPLOYMENT_TARGET = 14.2;
				MTL_ENABLE_DEBUG_INFO = INCLUDE_SOURCE;
				MTL_FAST_MATH = YES;
				ONLY_ACTIVE_ARCH = YES;
				SDKROOT = iphoneos;
				SWIFT_ACTIVE_COMPILATION_CONDITIONS = DEBUG;
				SWIFT_OPTIMIZATION_LEVEL = "-Onone";
			};
			name = Debug;
		};
		4945A584256FCB040003826D /* Release */ = {
			isa = XCBuildConfiguration;
			buildSettings = {
				ALWAYS_SEARCH_USER_PATHS = NO;
				CLANG_ANALYZER_NONNULL = YES;
				CLANG_ANALYZER_NUMBER_OBJECT_CONVERSION = YES_AGGRESSIVE;
				CLANG_CXX_LANGUAGE_STANDARD = "gnu++14";
				CLANG_CXX_LIBRARY = "libc++";
				CLANG_ENABLE_MODULES = YES;
				CLANG_ENABLE_OBJC_ARC = YES;
				CLANG_ENABLE_OBJC_WEAK = YES;
				CLANG_WARN_BLOCK_CAPTURE_AUTORELEASING = YES;
				CLANG_WARN_BOOL_CONVERSION = YES;
				CLANG_WARN_COMMA = YES;
				CLANG_WARN_CONSTANT_CONVERSION = YES;
				CLANG_WARN_DEPRECATED_OBJC_IMPLEMENTATIONS = YES;
				CLANG_WARN_DIRECT_OBJC_ISA_USAGE = YES_ERROR;
				CLANG_WARN_DOCUMENTATION_COMMENTS = YES;
				CLANG_WARN_EMPTY_BODY = YES;
				CLANG_WARN_ENUM_CONVERSION = YES;
				CLANG_WARN_INFINITE_RECURSION = YES;
				CLANG_WARN_INT_CONVERSION = YES;
				CLANG_WARN_NON_LITERAL_NULL_CONVERSION = YES;
				CLANG_WARN_OBJC_IMPLICIT_RETAIN_SELF = YES;
				CLANG_WARN_OBJC_LITERAL_CONVERSION = YES;
				CLANG_WARN_OBJC_ROOT_CLASS = YES_ERROR;
				CLANG_WARN_QUOTED_INCLUDE_IN_FRAMEWORK_HEADER = YES;
				CLANG_WARN_RANGE_LOOP_ANALYSIS = YES;
				CLANG_WARN_STRICT_PROTOTYPES = YES;
				CLANG_WARN_SUSPICIOUS_MOVE = YES;
				CLANG_WARN_UNGUARDED_AVAILABILITY = YES_AGGRESSIVE;
				CLANG_WARN_UNREACHABLE_CODE = YES;
				CLANG_WARN__DUPLICATE_METHOD_MATCH = YES;
				COPY_PHASE_STRIP = NO;
				DEBUG_INFORMATION_FORMAT = "dwarf-with-dsym";
				ENABLE_NS_ASSERTIONS = NO;
				ENABLE_STRICT_OBJC_MSGSEND = YES;
				GCC_C_LANGUAGE_STANDARD = gnu11;
				GCC_NO_COMMON_BLOCKS = YES;
				GCC_WARN_64_TO_32_BIT_CONVERSION = YES;
				GCC_WARN_ABOUT_RETURN_TYPE = YES_ERROR;
				GCC_WARN_UNDECLARED_SELECTOR = YES;
				GCC_WARN_UNINITIALIZED_AUTOS = YES_AGGRESSIVE;
				GCC_WARN_UNUSED_FUNCTION = YES;
				GCC_WARN_UNUSED_VARIABLE = YES;
				IPHONEOS_DEPLOYMENT_TARGET = 14.2;
				MTL_ENABLE_DEBUG_INFO = NO;
				MTL_FAST_MATH = YES;
				SDKROOT = iphoneos;
				SWIFT_COMPILATION_MODE = wholemodule;
				SWIFT_OPTIMIZATION_LEVEL = "-O";
				VALIDATE_PRODUCT = YES;
			};
			name = Release;
		};
		4945A586256FCB040003826D /* Debug */ = {
			isa = XCBuildConfiguration;
			baseConfigurationReference = 381841184F824971A1E49099 /* Pods-Instagram Clone.debug.xcconfig */;
			buildSettings = {
				ASSETCATALOG_COMPILER_APPICON_NAME = AppIcon;
				ASSETCATALOG_COMPILER_GLOBAL_ACCENT_COLOR_NAME = AccentColor;
				CODE_SIGN_STYLE = Automatic;
				INFOPLIST_FILE = "Instagram Clone/Info.plist";
				LD_RUNPATH_SEARCH_PATHS = (
					"$(inherited)",
					"@executable_path/Frameworks",
				);
				PRODUCT_BUNDLE_IDENTIFIER = "com.example.Instagram-Clone";
				PRODUCT_NAME = "$(TARGET_NAME)";
				SWIFT_VERSION = 5.0;
				TARGETED_DEVICE_FAMILY = "1,2";
			};
			name = Debug;
		};
		4945A587256FCB040003826D /* Release */ = {
			isa = XCBuildConfiguration;
			baseConfigurationReference = 01E05E2FC53211DC3A937A2D /* Pods-Instagram Clone.release.xcconfig */;
			buildSettings = {
				ASSETCATALOG_COMPILER_APPICON_NAME = AppIcon;
				ASSETCATALOG_COMPILER_GLOBAL_ACCENT_COLOR_NAME = AccentColor;
				CODE_SIGN_STYLE = Automatic;
				INFOPLIST_FILE = "Instagram Clone/Info.plist";
				LD_RUNPATH_SEARCH_PATHS = (
					"$(inherited)",
					"@executable_path/Frameworks",
				);
				PRODUCT_BUNDLE_IDENTIFIER = "com.example.Instagram-Clone";
				PRODUCT_NAME = "$(TARGET_NAME)";
				SWIFT_VERSION = 5.0;
				TARGETED_DEVICE_FAMILY = "1,2";
			};
			name = Release;
		};
/* End XCBuildConfiguration section */

/* Begin XCConfigurationList section */
		4945A56C256FCB040003826D /* Build configuration list for PBXProject "Instagram Clone" */ = {
			isa = XCConfigurationList;
			buildConfigurations = (
				4945A583256FCB040003826D /* Debug */,
				4945A584256FCB040003826D /* Release */,
			);
			defaultConfigurationIsVisible = 0;
			defaultConfigurationName = Release;
		};
		4945A585256FCB040003826D /* Build configuration list for PBXNativeTarget "Instagram Clone" */ = {
			isa = XCConfigurationList;
			buildConfigurations = (
				4945A586256FCB040003826D /* Debug */,
				4945A587256FCB040003826D /* Release */,
			);
			defaultConfigurationIsVisible = 0;
			defaultConfigurationName = Release;
		};
/* End XCConfigurationList section */
	};
	rootObject = 4945A569256FCB040003826D /* Project object */;
}
